
Microsoft Visual Studio Solution File, Format Version 9.00
# Visual Studio 2005
Project("{FAE04EC0-301F-11D3-BF4B-00C04F79EFBC}") = "Calc", "Calc\Calc.csproj", "{CC38FA63-C60C-437A-A33B-957450BFA887}"
EndProject
Global
	GlobalSection(SolutionConfigurationPlatforms) = preSolution
		Debug|Any CPU = Debug|Any CPU
		Release|Any CPU = Release|Any CPU
	EndGlobalSection
	GlobalSection(ProjectConfigurationPlatforms) = postSolution
		{CC38FA63-C60C-437A-A33B-957450BFA887}.Debug|Any CPU.ActiveCfg = Debug|Any CPU
		{CC38FA63-C60C-437A-A33B-957450BFA887}.Debug|Any CPU.Build.0 = Debug|Any CPU
		{CC38FA63-C60C-437A-A33B-957450BFA887}.Release|Any CPU.ActiveCfg = Release|Any CPU
		{CC38FA63-C60C-437A-A33B-957450BFA887}.Release|Any CPU.Build.0 = Release|Any CPU
	EndGlobalSection
	GlobalSection(SolutionProperties) = preSolution
		HideSolutionNode = FALSE
	EndGlobalSection
EndGlobal
